#MicroXplorer Configuration settings - do not modify
ADC1.Channel-0\#ChannelRegularConversion=ADC_CHANNEL_0
ADC1.ClockPrescaler=ADC_CLOCK_SYNC_PCLK_DIV4
ADC1.IPParameters=Rank-0\#ChannelRegularConversion,Channel-0\#ChannelRegularConversion,SamplingTime-0\#ChannelRegularConversion,NbrOfConversionFlag,master,ClockPrescaler
ADC1.NbrOfConversionFlag=1
ADC1.Rank-0\#ChannelRegularConversion=1
ADC1.SamplingTime-0\#ChannelRegularConversion=ADC_SAMPLETIME_3CYCLES
ADC1.master=1
ADC2.Channel-0\#ChannelRegularConversion=ADC_CHANNEL_2
ADC2.ClockPrescaler=ADC_CLOCK_SYNC_PCLK_DIV4
ADC2.IPParameters=Rank-0\#ChannelRegularConversion,Channel-0\#ChannelRegularConversion,SamplingTime-0\#ChannelRegularConversion,NbrOfConversionFlag,ClockPrescaler
ADC2.NbrOfConversionFlag=1
ADC2.Rank-0\#ChannelRegularConversion=1
ADC2.SamplingTime-0\#ChannelRegularConversion=ADC_SAMPLETIME_3CYCLES
CAN1.BS1=CAN_BS1_12TQ
CAN1.BS2=CAN_BS2_2TQ
CAN1.CalculateBaudRate=499999
CAN1.CalculateTimeBit=2000
CAN1.CalculateTimeQuantum=133.33333333333334
CAN1.IPParameters=CalculateTimeQuantum,CalculateTimeBit,CalculateBaudRate,BS1,Prescaler,BS2
CAN1.Prescaler=4
CAN2.BS1=CAN_BS1_12TQ
CAN2.BS2=CAN_BS2_2TQ
CAN2.CalculateBaudRate=499999
CAN2.CalculateTimeBit=2000
CAN2.CalculateTimeQuantum=133.33333333333334
CAN2.IPParameters=CalculateTimeQuantum,CalculateTimeBit,CalculateBaudRate,Prescaler,BS1,BS2
CAN2.Prescaler=4
Dma.Request0=SPI1_TX
Dma.Request1=SPI1_RX
Dma.RequestsNb=2
Dma.SPI1_RX.1.Direction=DMA_PERIPH_TO_MEMORY
Dma.SPI1_RX.1.FIFOMode=DMA_FIFOMODE_DISABLE
Dma.SPI1_RX.1.Instance=DMA2_Stream0
Dma.SPI1_RX.1.MemDataAlignment=DMA_MDATAALIGN_BYTE
Dma.SPI1_RX.1.MemInc=DMA_MINC_ENABLE
Dma.SPI1_RX.1.Mode=DMA_NORMAL
Dma.SPI1_RX.1.PeriphDataAlignment=DMA_PDATAALIGN_BYTE
Dma.SPI1_RX.1.PeriphInc=DMA_PINC_DISABLE
Dma.SPI1_RX.1.Priority=DMA_PRIORITY_LOW
Dma.SPI1_RX.1.RequestParameters=Instance,Direction,PeriphInc,MemInc,PeriphDataAlignment,MemDataAlignment,Mode,Priority,FIFOMode
Dma.SPI1_TX.0.Direction=DMA_MEMORY_TO_PERIPH
Dma.SPI1_TX.0.FIFOMode=DMA_FIFOMODE_DISABLE
Dma.SPI1_TX.0.Instance=DMA2_Stream3
Dma.SPI1_TX.0.MemDataAlignment=DMA_MDATAALIGN_BYTE
Dma.SPI1_TX.0.MemInc=DMA_MINC_ENABLE
Dma.SPI1_TX.0.Mode=DMA_NORMAL
Dma.SPI1_TX.0.PeriphDataAlignment=DMA_PDATAALIGN_BYTE
Dma.SPI1_TX.0.PeriphInc=DMA_PINC_DISABLE
Dma.SPI1_TX.0.Priority=DMA_PRIORITY_LOW
Dma.SPI1_TX.0.RequestParameters=Instance,Direction,PeriphInc,MemInc,PeriphDataAlignment,MemDataAlignment,Mode,Priority,FIFOMode
File.Version=6
GPIO.groupedBy=Group By Peripherals
KeepUserPlacement=false
Mcu.CPN=STM32F207VGT6
Mcu.Family=STM32F2
Mcu.IP0=ADC1
Mcu.IP1=ADC2
Mcu.IP10=SYS
Mcu.IP11=TIM2
Mcu.IP12=USB_DEVICE
Mcu.IP13=USB_OTG_FS
Mcu.IP2=CAN1
Mcu.IP3=CAN2
Mcu.IP4=DMA
Mcu.IP5=I2C3
Mcu.IP6=NVIC
Mcu.IP7=RCC
Mcu.IP8=SPI1
Mcu.IP9=SPI2
Mcu.IPNb=14
Mcu.Name=STM32F207V(C-E-F-G)Tx
Mcu.Package=LQFP100
Mcu.Pin0=PH0-OSC_IN
Mcu.Pin1=PH1-OSC_OUT
Mcu.Pin10=PB0
Mcu.Pin11=PB1
Mcu.Pin12=PE7
Mcu.Pin13=PE8
Mcu.Pin14=PE9
Mcu.Pin15=PE10
Mcu.Pin16=PE11
Mcu.Pin17=PE12
Mcu.Pin18=PE13
Mcu.Pin19=PE14
Mcu.Pin2=PA0-WKUP
Mcu.Pin20=PB11
Mcu.Pin21=PB12
Mcu.Pin22=PB13
Mcu.Pin23=PB14
Mcu.Pin24=PB15
Mcu.Pin25=PD8
Mcu.Pin26=PD9
Mcu.Pin27=PD10
Mcu.Pin28=PD11
Mcu.Pin29=PD15
Mcu.Pin3=PA2
Mcu.Pin30=PC6
Mcu.Pin31=PC7
Mcu.Pin32=PC8
Mcu.Pin33=PC9
Mcu.Pin34=PA8
Mcu.Pin35=PA9
Mcu.Pin36=PA11
Mcu.Pin37=PA12
Mcu.Pin38=PA13
Mcu.Pin39=PA14
Mcu.Pin4=PA3
Mcu.Pin40=PA15
Mcu.Pin41=PD0
Mcu.Pin42=PD1
Mcu.Pin43=PD2
Mcu.Pin44=PD3
Mcu.Pin45=PD4
Mcu.Pin46=PB3
Mcu.Pin47=PB4
Mcu.Pin48=PB5
Mcu.Pin49=PB6
Mcu.Pin5=PA5
Mcu.Pin50=PB7
Mcu.Pin51=PB8
Mcu.Pin52=PB9
Mcu.Pin53=VP_SYS_VS_Systick
Mcu.Pin54=VP_TIM2_VS_ClockSourceINT
Mcu.Pin55=VP_USB_DEVICE_VS_USB_DEVICE_CDC_FS
Mcu.Pin6=PA6
Mcu.Pin7=PA7
Mcu.Pin8=PC4
Mcu.Pin9=PC5
Mcu.PinsNb=56
Mcu.ThirdPartyNb=0
Mcu.UserConstants=
Mcu.UserName=STM32F207VGTx
MxCube.Version=6.6.1
MxDb.Version=DB.6.0.60
NVIC.BusFault_IRQn=true\:0\:0\:false\:false\:true\:false\:false\:false
NVIC.CAN1_RX0_IRQn=true\:0\:0\:false\:false\:true\:true\:true\:true
NVIC.CAN1_RX1_IRQn=true\:0\:0\:false\:false\:true\:true\:true\:true
NVIC.CAN1_TX_IRQn=true\:1\:0\:true\:false\:true\:true\:true\:true
NVIC.CAN2_RX0_IRQn=true\:0\:0\:false\:false\:true\:true\:true\:true
NVIC.CAN2_RX1_IRQn=true\:0\:0\:false\:false\:true\:true\:true\:true
NVIC.CAN2_TX_IRQn=true\:1\:0\:true\:false\:true\:true\:true\:true
NVIC.DMA2_Stream0_IRQn=true\:0\:0\:false\:false\:true\:false\:true\:true
NVIC.DMA2_Stream3_IRQn=true\:0\:0\:false\:false\:true\:false\:true\:true
NVIC.DebugMonitor_IRQn=true\:0\:0\:false\:false\:true\:false\:false\:false
NVIC.ForceEnableDMAVector=true
NVIC.HardFault_IRQn=true\:0\:0\:false\:false\:true\:false\:false\:false
NVIC.MemoryManagement_IRQn=true\:0\:0\:false\:false\:true\:false\:false\:false
NVIC.NonMaskableInt_IRQn=true\:0\:0\:false\:false\:true\:false\:false\:false
NVIC.OTG_FS_IRQn=true\:0\:0\:false\:false\:true\:false\:true\:true
NVIC.PendSV_IRQn=true\:0\:0\:false\:false\:true\:false\:false\:false
NVIC.PriorityGroup=NVIC_PRIORITYGROUP_4
NVIC.SPI1_IRQn=true\:0\:0\:false\:false\:true\:true\:true\:true
NVIC.SVCall_IRQn=true\:0\:0\:false\:false\:true\:false\:false\:false
NVIC.SysTick_IRQn=true\:0\:0\:false\:false\:true\:false\:true\:false
NVIC.TIM2_IRQn=true\:0\:0\:false\:false\:true\:true\:true\:true
NVIC.UsageFault_IRQn=true\:0\:0\:false\:false\:true\:false\:false\:false
PA0-WKUP.GPIOParameters=GPIO_Label
PA0-WKUP.GPIO_Label=PROFET_SENSE_ADC
PA0-WKUP.Locked=true
PA0-WKUP.Signal=ADCx_IN0
PA11.Locked=true
PA11.Mode=Device_Only
PA11.Signal=USB_OTG_FS_DM
PA12.Locked=true
PA12.Mode=Device_Only
PA12.Signal=USB_OTG_FS_DP
PA13.Mode=JTAG_5_pins
PA13.Signal=SYS_JTMS-SWDIO
PA14.Mode=JTAG_5_pins
PA14.Signal=SYS_JTCK-SWCLK
PA15.Mode=JTAG_5_pins
PA15.Signal=SYS_JTDI
PA2.GPIOParameters=GPIO_Label
PA2.GPIO_Label=DIV_5V_ADC
PA2.Locked=true
PA2.Signal=ADCx_IN2
PA3.GPIOParameters=GPIO_Label
PA3.GPIO_Label=DIV_12V_ADC
PA3.Locked=true
PA3.Signal=ADCx_IN3
PA5.GPIOParameters=GPIO_PuPd
PA5.GPIO_PuPd=GPIO_NOPULL
PA5.Locked=true
PA5.Mode=Full_Duplex_Master
PA5.Signal=SPI1_SCK
PA6.Locked=true
PA6.Mode=Full_Duplex_Master
PA6.Signal=SPI1_MISO
PA7.Locked=true
PA7.Mode=Full_Duplex_Master
PA7.Signal=SPI1_MOSI
PA8.Locked=true
PA8.Mode=I2C
PA8.Signal=I2C3_SCL
PA9.Locked=true
PA9.Mode=Activate_VBUS
PA9.Signal=USB_OTG_FS_VBUS
PB0.GPIOParameters=GPIO_Label
PB0.GPIO_Label=ADC_ALARM
PB0.Locked=true
PB0.Signal=GPIO_Input
PB1.GPIOParameters=GPIO_PuPd,GPIO_Label
PB1.GPIO_Label=ADC_CS
PB1.GPIO_PuPd=GPIO_PULLUP
PB1.Locked=true
PB1.Signal=GPIO_Output
PB11.GPIOParameters=GPIO_Label
PB11.GPIO_Label=IMU_INT
PB11.Locked=true
PB11.Signal=GPIO_Input
PB12.GPIOParameters=GPIO_PuPd,GPIO_Label
PB12.GPIO_Label=IMU_CS
PB12.GPIO_PuPd=GPIO_PULLUP
PB12.Locked=true
PB12.Signal=GPIO_Output
PB13.Locked=true
PB13.Mode=Full_Duplex_Master
PB13.Signal=SPI2_SCK
PB14.Locked=true
PB14.Mode=Full_Duplex_Master
PB14.Signal=SPI2_MISO
PB15.Locked=true
PB15.Mode=Full_Duplex_Master
PB15.Signal=SPI2_MOSI
PB3.Mode=JTAG_5_pins
PB3.Signal=SYS_JTDO-SWO
PB4.Locked=true
PB4.Mode=JTAG_5_pins
PB4.Signal=SYS_JTRST
PB5.Locked=true
PB5.Mode=CAN_Activate
PB5.Signal=CAN2_RX
PB6.Mode=CAN_Activate
PB6.Signal=CAN2_TX
PB7.GPIOParameters=GPIO_PuPd,GPIO_Label
PB7.GPIO_Label=BOOT_CTRL
PB7.GPIO_PuPd=GPIO_PULLDOWN
PB7.Locked=true
PB7.Signal=GPIO_Output
PB8.Locked=true
PB8.Mode=CAN_Activate
PB8.Signal=CAN1_RX
PB9.Mode=CAN_Activate
PB9.Signal=CAN1_TX
PC4.GPIOParameters=GPIO_Label
PC4.GPIO_Label=ADC_RST
PC4.Locked=true
PC4.Signal=GPIO_Output
PC5.GPIOParameters=GPIO_Label
PC5.GPIO_Label=ADC_REFSEL
PC5.Locked=true
PC5.Signal=GPIO_Output
PC6.GPIOParameters=GPIO_Label
PC6.GPIO_Label=SA
PC6.Locked=true
PC6.Signal=GPIO_Output
PC7.GPIOParameters=GPIO_Label
PC7.GPIO_Label=SF
PC7.Locked=true
PC7.Signal=GPIO_Output
PC8.GPIOParameters=GPIO_Label
PC8.GPIO_Label=SG
PC8.Locked=true
PC8.Signal=GPIO_Output
PC9.Locked=true
PC9.Mode=I2C
PC9.Signal=I2C3_SDA
PD0.GPIOParameters=GPIO_PuPd,GPIO_Label
PD0.GPIO_Label=PMOD_CS
PD0.GPIO_PuPd=GPIO_NOPULL
PD0.Locked=true
PD0.Signal=GPIO_Output
PD1.GPIOParameters=GPIO_Label
PD1.GPIO_Label=PMOD_INT
PD1.Locked=true
PD1.Signal=GPIO_Output
PD10.GPIOParameters=GPIO_Label
PD10.GPIO_Label=SD
PD10.Locked=true
PD10.Signal=GPIO_Output
PD11.GPIOParameters=GPIO_Label
PD11.GPIO_Label=SE
PD11.Locked=true
PD11.Signal=GPIO_Output
PD15.GPIOParameters=GPIO_Label
PD15.GPIO_Label=SB
PD15.Locked=true
PD15.Signal=GPIO_Output
PD2.GPIOParameters=GPIO_Label
PD2.GPIO_Label=PMOD_RST
PD2.Locked=true
PD2.Signal=GPIO_Output
PD3.GPIOParameters=GPIO_Label
PD3.GPIO_Label=PMOD_IO7
PD3.Locked=true
PD3.Signal=GPIO_Output
PD4.GPIOParameters=GPIO_Label
PD4.GPIO_Label=PMOD_IO8
PD4.Locked=true
PD4.Signal=GPIO_Output
PD8.GPIOParameters=GPIO_Label
PD8.GPIO_Label=SDP
PD8.Locked=true
PD8.Signal=GPIO_Output
PD9.GPIOParameters=GPIO_Label
PD9.GPIO_Label=SC
PD9.Locked=true
PD9.Signal=GPIO_Output
PE10.GPIOParameters=GPIO_Label
PE10.GPIO_Label=PROFET_IN0
PE10.Locked=true
PE10.Signal=GPIO_Output
PE11.GPIOParameters=GPIO_PuPd,GPIO_Label
PE11.GPIO_Label=ISRC_3_CS
PE11.GPIO_PuPd=GPIO_PULLUP
PE11.Locked=true
PE11.Signal=GPIO_Output
PE12.GPIOParameters=GPIO_PuPd,GPIO_Label
PE12.GPIO_Label=ISRC_4_CS
PE12.GPIO_PuPd=GPIO_PULLUP
PE12.Locked=true
PE12.Signal=GPIO_Output
PE13.GPIOParameters=GPIO_PuPd,GPIO_Label
PE13.GPIO_Label=ISRC_1_CS
PE13.GPIO_PuPd=GPIO_PULLUP
PE13.Locked=true
PE13.Signal=GPIO_Output
PE14.GPIOParameters=GPIO_PuPd,GPIO_Label
PE14.GPIO_Label=ISRC_2_CS
PE14.GPIO_PuPd=GPIO_PULLUP
PE14.Locked=true
PE14.Signal=GPIO_Output
PE7.GPIOParameters=GPIO_Label
PE7.GPIO_Label=PROFET_IN1
PE7.Locked=true
PE7.Signal=GPIO_Output
PE8.GPIOParameters=GPIO_Label
PE8.GPIO_Label=PROFET_DSEL
PE8.Locked=true
PE8.Signal=GPXTI8
PE9.GPIOParameters=GPIO_Label
PE9.GPIO_Label=PROFET_DEN
PE9.Locked=true
PE9.Signal=GPIO_Output
PH0-OSC_IN.Mode=HSE-External-Oscillator
PH0-OSC_IN.Signal=RCC_OSC_IN
PH1-OSC_OUT.Mode=HSE-External-Oscillator
PH1-OSC_OUT.Signal=RCC_OSC_OUT
PinOutPanel.RotationAngle=0
ProjectManager.AskForMigrate=true
ProjectManager.BackupPrevious=false
ProjectManager.CompilerOptimize=6
ProjectManager.ComputerToolchain=false
ProjectManager.CoupleFile=true
ProjectManager.CustomerFirmwarePackage=
ProjectManager.DefaultFWLocation=true
ProjectManager.DeletePrevious=true
ProjectManager.DeviceId=STM32F207VGTx
ProjectManager.FirmwarePackage=STM32Cube FW_F2 V1.9.3
ProjectManager.FreePins=false
ProjectManager.HalAssertFull=false
ProjectManager.HeapSize=0x1000
ProjectManager.KeepUserCode=true
ProjectManager.LastFirmware=true
ProjectManager.LibraryCopy=1
ProjectManager.MainLocation=Core/Src
ProjectManager.NoMain=false
ProjectManager.PreviousToolchain=STM32CubeIDE
ProjectManager.ProjectBuild=false
ProjectManager.ProjectFileName=QUTMS_VCU.ioc
ProjectManager.ProjectName=QUTMS_VCU
ProjectManager.RegisterCallBack=
ProjectManager.StackSize=0x200
ProjectManager.TargetToolchain=STM32CubeIDE
ProjectManager.ToolChainLocation=
ProjectManager.UnderRoot=true
ProjectManager.functionlistsort=1-MX_GPIO_Init-GPIO-false-HAL-true,2-SystemClock_Config-RCC-false-HAL-false,3-MX_DMA_Init-DMA-false-HAL-true,4-MX_CAN1_Init-CAN1-false-HAL-true,5-MX_ADC1_Init-ADC1-false-HAL-true,6-MX_ADC2_Init-ADC2-false-HAL-true,7-MX_CAN2_Init-CAN2-false-HAL-true,8-MX_I2C3_Init-I2C3-false-HAL-true,9-MX_SPI1_Init-SPI1-false-HAL-true,10-MX_SPI2_Init-SPI2-false-HAL-true,11-MX_USB_DEVICE_Init-USB_DEVICE-false-HAL-false,12-MX_TIM2_Init-TIM2-false-HAL-true
RCC.48MHZClocksFreq_Value=48000000
RCC.AHBFreq_Value=120000000
RCC.APB1CLKDivider=RCC_HCLK_DIV4
RCC.APB1Freq_Value=30000000
RCC.APB1TimFreq_Value=60000000
RCC.APB2CLKDivider=RCC_HCLK_DIV2
RCC.APB2Freq_Value=60000000
RCC.APB2TimFreq_Value=120000000
RCC.CortexFreq_Value=120000000
RCC.EthernetFreq_Value=120000000
RCC.FCLKCortexFreq_Value=120000000
RCC.FamilyName=M
RCC.HCLKFreq_Value=120000000
RCC.HSE_VALUE=20000000
RCC.HSI_VALUE=16000000
RCC.I2SClocksFreq_Value=120000000
RCC.IPParameters=48MHZClocksFreq_Value,AHBFreq_Value,APB1CLKDivider,APB1Freq_Value,APB1TimFreq_Value,APB2CLKDivider,APB2Freq_Value,APB2TimFreq_Value,CortexFreq_Value,EthernetFreq_Value,FCLKCortexFreq_Value,FamilyName,HCLKFreq_Value,HSE_VALUE,HSI_VALUE,I2SClocksFreq_Value,LSE_VALUE,LSI_VALUE,MCO2PinFreq_Value,PLLCLKFreq_Value,PLLQ,PLLSourceVirtual,RTCFreq_Value,RTCHSEDivFreq_Value,SYSCLKFreq_VALUE,SYSCLKSource,VCOI2SOutputFreq_Value,VCOInputFreq_Value,VCOOutputFreq_Value,VcooutputI2S
RCC.LSE_VALUE=32768
RCC.LSI_VALUE=32000
RCC.MCO2PinFreq_Value=120000000
RCC.PLLCLKFreq_Value=120000000
RCC.PLLQ=5
RCC.PLLSourceVirtual=RCC_PLLSOURCE_HSE
RCC.RTCFreq_Value=32000
RCC.RTCHSEDivFreq_Value=10000000
RCC.SYSCLKFreq_VALUE=120000000
RCC.SYSCLKSource=RCC_SYSCLKSOURCE_PLLCLK
RCC.VCOI2SOutputFreq_Value=240000000
RCC.VCOInputFreq_Value=1250000
RCC.VCOOutputFreq_Value=240000000
RCC.VcooutputI2S=120000000
SH.ADCx_IN0.0=ADC1_IN0,IN0
SH.ADCx_IN0.ConfNb=1
SH.ADCx_IN2.0=ADC2_IN2,IN2
SH.ADCx_IN2.ConfNb=1
SH.ADCx_IN3.0=ADC2_IN3,IN3
SH.ADCx_IN3.ConfNb=1
SH.GPXTI8.0=GPIO_EXTI8
SH.GPXTI8.ConfNb=1
SPI1.BaudRatePrescaler=SPI_BAUDRATEPRESCALER_8
SPI1.CLKPhase=SPI_PHASE_2EDGE
SPI1.CLKPolarity=SPI_POLARITY_LOW
SPI1.CalculateBaudRate=7.5 MBits/s
SPI1.Direction=SPI_DIRECTION_2LINES
SPI1.IPParameters=VirtualType,Mode,Direction,CalculateBaudRate,CLKPolarity,CLKPhase,BaudRatePrescaler
SPI1.Mode=SPI_MODE_MASTER
SPI1.VirtualType=VM_MASTER
SPI2.BaudRatePrescaler=SPI_BAUDRATEPRESCALER_2
SPI2.CalculateBaudRate=15.0 MBits/s
SPI2.Direction=SPI_DIRECTION_2LINES
SPI2.IPParameters=VirtualType,Mode,Direction,CalculateBaudRate,BaudRatePrescaler
SPI2.Mode=SPI_MODE_MASTER
SPI2.VirtualType=VM_MASTER
TIM2.AutoReloadPreload=TIM_AUTORELOAD_PRELOAD_ENABLE
TIM2.IPParameters=Prescaler,Period,AutoReloadPreload
TIM2.Period=25
TIM2.Prescaler=59
USB_DEVICE.CLASS_NAME_FS=CDC
USB_DEVICE.IPParameters=VirtualMode-CDC_FS,VirtualModeFS,CLASS_NAME_FS
USB_DEVICE.VirtualMode-CDC_FS=Cdc
USB_DEVICE.VirtualModeFS=Cdc_FS
USB_OTG_FS.IPParameters=VirtualMode
USB_OTG_FS.VirtualMode=Device_Only
VP_SYS_VS_Systick.Mode=SysTick
VP_SYS_VS_Systick.Signal=SYS_VS_Systick
VP_TIM2_VS_ClockSourceINT.Mode=Internal
VP_TIM2_VS_ClockSourceINT.Signal=TIM2_VS_ClockSourceINT
VP_USB_DEVICE_VS_USB_DEVICE_CDC_FS.Mode=CDC_FS
VP_USB_DEVICE_VS_USB_DEVICE_CDC_FS.Signal=USB_DEVICE_VS_USB_DEVICE_CDC_FS
board=custom
isbadioc=false
